{
    "_meta": {
        "hash": {
            "sha256": "221eea1d207c3f51ed8485bec94bd871ff9d390654dd16ec2eed83bb13c7cba7"
        },
        "pipfile-spec": 6,
        "requires": {
            "python_version": "3.11"
        },
        "sources": [
            {
                "name": "pypi",
                "url": "https://pypi.org/simple",
                "verify_ssl": true
            }
        ]
    },
    "default": {},
    "develop": {}
}
